// !$*UTF8*$!
{
	archiveVersion = 1;
	classes = {
	};
	objectVersion = 50;
	objects = {

/* Begin PBXBuildFile section */
		9DA3931320B2B51600CEC2DF /* AppDelegate.swift in Sources */ = {isa = PBXBuildFile; fileRef = 9DA3931220B2B51600CEC2DF /* AppDelegate.swift */; };
		9DA3931520B2B51600CEC2DF /* ViewController.swift in Sources */ = {isa = PBXBuildFile; fileRef = 9DA3931420B2B51600CEC2DF /* ViewController.swift */; };
		9DA3931820B2B51600CEC2DF /* Main.storyboard in Resources */ = {isa = PBXBuildFile; fileRef = 9DA3931620B2B51600CEC2DF /* Main.storyboard */; };
		9DA3931A20B2B51900CEC2DF /* Assets.xcassets in Resources */ = {isa = PBXBuildFile; fileRef = 9DA3931920B2B51900CEC2DF /* Assets.xcassets */; };
		9DA3931D20B2B51900CEC2DF /* LaunchScreen.storyboard in Resources */ = {isa = PBXBuildFile; fileRef = 9DA3931B20B2B51900CEC2DF /* LaunchScreen.storyboard */; };
		9DA3934120B2B56B00CEC2DF /* SpringAnimation.swift in Sources */ = {isa = PBXBuildFile; fileRef = 9DA3932520B2B56300CEC2DF /* SpringAnimation.swift */; };
		9DA3934220B2B56B00CEC2DF /* AutoTextView.swift in Sources */ = {isa = PBXBuildFile; fileRef = 9DA3932620B2B56300CEC2DF /* AutoTextView.swift */; };
		9DA3934320B2B56B00CEC2DF /* DesignableImageView.swift in Sources */ = {isa = PBXBuildFile; fileRef = 9DA3932720B2B56300CEC2DF /* DesignableImageView.swift */; };
		9DA3934420B2B56B00CEC2DF /* KeyboardLayoutConstraint.swift in Sources */ = {isa = PBXBuildFile; fileRef = 9DA3932820B2B56300CEC2DF /* KeyboardLayoutConstraint.swift */; };
		9DA3934520B2B56B00CEC2DF /* SpringButton.swift in Sources */ = {isa = PBXBuildFile; fileRef = 9DA3932920B2B56400CEC2DF /* SpringButton.swift */; };
		9DA3934620B2B56B00CEC2DF /* Spring.swift in Sources */ = {isa = PBXBuildFile; fileRef = 9DA3932A20B2B56400CEC2DF /* Spring.swift */; };
		9DA3934720B2B56B00CEC2DF /* TransitionZoom.swift in Sources */ = {isa = PBXBuildFile; fileRef = 9DA3932B20B2B56400CEC2DF /* TransitionZoom.swift */; };
		9DA3934820B2B56B00CEC2DF /* ImageLoader.swift in Sources */ = {isa = PBXBuildFile; fileRef = 9DA3932C20B2B56400CEC2DF /* ImageLoader.swift */; };
		9DA3934920B2B56B00CEC2DF /* LoadingView.xib in Resources */ = {isa = PBXBuildFile; fileRef = 9DA3932D20B2B56500CEC2DF /* LoadingView.xib */; };
		9DA3934A20B2B56B00CEC2DF /* UnwindSegue.swift in Sources */ = {isa = PBXBuildFile; fileRef = 9DA3932E20B2B56500CEC2DF /* UnwindSegue.swift */; };
		9DA3934B20B2B56B00CEC2DF /* Misc.swift in Sources */ = {isa = PBXBuildFile; fileRef = 9DA3932F20B2B56500CEC2DF /* Misc.swift */; };
		9DA3934C20B2B56B00CEC2DF /* DesignableButton.swift in Sources */ = {isa = PBXBuildFile; fileRef = 9DA3933020B2B56500CEC2DF /* DesignableButton.swift */; };
		9DA3934D20B2B56B00CEC2DF /* AsyncButton.swift in Sources */ = {isa = PBXBuildFile; fileRef = 9DA3933120B2B56600CEC2DF /* AsyncButton.swift */; };
		9DA3934E20B2B56B00CEC2DF /* DesignableTextField.swift in Sources */ = {isa = PBXBuildFile; fileRef = 9DA3933220B2B56600CEC2DF /* DesignableTextField.swift */; };
		9DA3934F20B2B56B00CEC2DF /* LoadingView.swift in Sources */ = {isa = PBXBuildFile; fileRef = 9DA3933320B2B56600CEC2DF /* LoadingView.swift */; };
		9DA3935020B2B56B00CEC2DF /* AsyncImageView.swift in Sources */ = {isa = PBXBuildFile; fileRef = 9DA3933420B2B56600CEC2DF /* AsyncImageView.swift */; };
		9DA3935120B2B56B00CEC2DF /* SpringTextView.swift in Sources */ = {isa = PBXBuildFile; fileRef = 9DA3933520B2B56700CEC2DF /* SpringTextView.swift */; };
		9DA3935220B2B56B00CEC2DF /* TransitionManager.swift in Sources */ = {isa = PBXBuildFile; fileRef = 9DA3933620B2B56700CEC2DF /* TransitionManager.swift */; };
		9DA3935320B2B56B00CEC2DF /* DesignableView.swift in Sources */ = {isa = PBXBuildFile; fileRef = 9DA3933720B2B56700CEC2DF /* DesignableView.swift */; };
		9DA3935420B2B56B00CEC2DF /* SpringTextField.swift in Sources */ = {isa = PBXBuildFile; fileRef = 9DA3933820B2B56800CEC2DF /* SpringTextField.swift */; };
		9DA3935520B2B56B00CEC2DF /* SpringView.swift in Sources */ = {isa = PBXBuildFile; fileRef = 9DA3933920B2B56800CEC2DF /* SpringView.swift */; };
		9DA3935620B2B56B00CEC2DF /* DesignableTextView.swift in Sources */ = {isa = PBXBuildFile; fileRef = 9DA3933A20B2B56900CEC2DF /* DesignableTextView.swift */; };
		9DA3935720B2B56B00CEC2DF /* BlurView.swift in Sources */ = {isa = PBXBuildFile; fileRef = 9DA3933B20B2B56900CEC2DF /* BlurView.swift */; };
		9DA3935820B2B56B00CEC2DF /* SpringImageView.swift in Sources */ = {isa = PBXBuildFile; fileRef = 9DA3933C20B2B56900CEC2DF /* SpringImageView.swift */; };
		9DA3935920B2B56B00CEC2DF /* SpringLabel.swift in Sources */ = {isa = PBXBuildFile; fileRef = 9DA3933D20B2B56A00CEC2DF /* SpringLabel.swift */; };
		9DA3935A20B2B56B00CEC2DF /* DesignableLabel.swift in Sources */ = {isa = PBXBuildFile; fileRef = 9DA3933E20B2B56A00CEC2DF /* DesignableLabel.swift */; };
		9DA3935B20B2B56B00CEC2DF /* DesignableTabBarController.swift in Sources */ = {isa = PBXBuildFile; fileRef = 9DA3933F20B2B56A00CEC2DF /* DesignableTabBarController.swift */; };
		9DA3935C20B2B56B00CEC2DF /* SoundPlayer.swift in Sources */ = {isa = PBXBuildFile; fileRef = 9DA3934020B2B56B00CEC2DF /* SoundPlayer.swift */; };
/* End PBXBuildFile section */

/* Begin PBXFileReference section */
		9DA3930F20B2B51600CEC2DF /* Spring_Animations_Framework.app */ = {isa = PBXFileReference; explicitFileType = wrapper.application; includeInIndex = 0; path = Spring_Animations_Framework.app; sourceTree = BUILT_PRODUCTS_DIR; };
		9DA3931220B2B51600CEC2DF /* AppDelegate.swift */ = {isa = PBXFileReference; lastKnownFileType = sourcecode.swift; path = AppDelegate.swift; sourceTree = "<group>"; };
		9DA3931420B2B51600CEC2DF /* ViewController.swift */ = {isa = PBXFileReference; lastKnownFileType = sourcecode.swift; path = ViewController.swift; sourceTree = "<group>"; };
		9DA3931720B2B51600CEC2DF /* Base */ = {isa = PBXFileReference; lastKnownFileType = file.storyboard; name = Base; path = Base.lproj/Main.storyboard; sourceTree = "<group>"; };
		9DA3931920B2B51900CEC2DF /* Assets.xcassets */ = {isa = PBXFileReference; lastKnownFileType = folder.assetcatalog; path = Assets.xcassets; sourceTree = "<group>"; };
		9DA3931C20B2B51900CEC2DF /* Base */ = {isa = PBXFileReference; lastKnownFileType = file.storyboard; name = Base; path = Base.lproj/LaunchScreen.storyboard; sourceTree = "<group>"; };
		9DA3931E20B2B51900CEC2DF /* Info.plist */ = {isa = PBXFileReference; lastKnownFileType = text.plist.xml; path = Info.plist; sourceTree = "<group>"; };
		9DA3932520B2B56300CEC2DF /* SpringAnimation.swift */ = {isa = PBXFileReference; fileEncoding = 4; lastKnownFileType = sourcecode.swift; path = SpringAnimation.swift; sourceTree = "<group>"; };
		9DA3932620B2B56300CEC2DF /* AutoTextView.swift */ = {isa = PBXFileReference; fileEncoding = 4; lastKnownFileType = sourcecode.swift; path = AutoTextView.swift; sourceTree = "<group>"; };
		9DA3932720B2B56300CEC2DF /* DesignableImageView.swift */ = {isa = PBXFileReference; fileEncoding = 4; lastKnownFileType = sourcecode.swift; path = DesignableImageView.swift; sourceTree = "<group>"; };
		9DA3932820B2B56300CEC2DF /* KeyboardLayoutConstraint.swift */ = {isa = PBXFileReference; fileEncoding = 4; lastKnownFileType = sourcecode.swift; path = KeyboardLayoutConstraint.swift; sourceTree = "<group>"; };
		9DA3932920B2B56400CEC2DF /* SpringButton.swift */ = {isa = PBXFileReference; fileEncoding = 4; lastKnownFileType = sourcecode.swift; path = SpringButton.swift; sourceTree = "<group>"; };
		9DA3932A20B2B56400CEC2DF /* Spring.swift */ = {isa = PBXFileReference; fileEncoding = 4; lastKnownFileType = sourcecode.swift; path = Spring.swift; sourceTree = "<group>"; };
		9DA3932B20B2B56400CEC2DF /* TransitionZoom.swift */ = {isa = PBXFileReference; fileEncoding = 4; lastKnownFileType = sourcecode.swift; path = TransitionZoom.swift; sourceTree = "<group>"; };
		9DA3932C20B2B56400CEC2DF /* ImageLoader.swift */ = {isa = PBXFileReference; fileEncoding = 4; lastKnownFileType = sourcecode.swift; path = ImageLoader.swift; sourceTree = "<group>"; };
		9DA3932D20B2B56500CEC2DF /* LoadingView.xib */ = {isa = PBXFileReference; fileEncoding = 4; lastKnownFileType = file.xib; path = LoadingView.xib; sourceTree = "<group>"; };
		9DA3932E20B2B56500CEC2DF /* UnwindSegue.swift */ = {isa = PBXFileReference; fileEncoding = 4; lastKnownFileType = sourcecode.swift; path = UnwindSegue.swift; sourceTree = "<group>"; };
		9DA3932F20B2B56500CEC2DF /* Misc.swift */ = {isa = PBXFileReference; fileEncoding = 4; lastKnownFileType = sourcecode.swift; path = Misc.swift; sourceTree = "<group>"; };
		9DA3933020B2B56500CEC2DF /* DesignableButton.swift */ = {isa = PBXFileReference; fileEncoding = 4; lastKnownFileType = sourcecode.swift; path = DesignableButton.swift; sourceTree = "<group>"; };
		9DA3933120B2B56600CEC2DF /* AsyncButton.swift */ = {isa = PBXFileReference; fileEncoding = 4; lastKnownFileType = sourcecode.swift; path = AsyncButton.swift; sourceTree = "<group>"; };
		9DA3933220B2B56600CEC2DF /* DesignableTextField.swift */ = {isa = PBXFileReference; fileEncoding = 4; lastKnownFileType = sourcecode.swift; path = DesignableTextField.swift; sourceTree = "<group>"; };
		9DA3933320B2B56600CEC2DF /* LoadingView.swift */ = {isa = PBXFileReference; fileEncoding = 4; lastKnownFileType = sourcecode.swift; path = LoadingView.swift; sourceTree = "<group>"; };
		9DA3933420B2B56600CEC2DF /* AsyncImageView.swift */ = {isa = PBXFileReference; fileEncoding = 4; lastKnownFileType = sourcecode.swift; path = AsyncImageView.swift; sourceTree = "<group>"; };
		9DA3933520B2B56700CEC2DF /* SpringTextView.swift */ = {isa = PBXFileReference; fileEncoding = 4; lastKnownFileType = sourcecode.swift; path = SpringTextView.swift; sourceTree = "<group>"; };
		9DA3933620B2B56700CEC2DF /* TransitionManager.swift */ = {isa = PBXFileReference; fileEncoding = 4; lastKnownFileType = sourcecode.swift; path = TransitionManager.swift; sourceTree = "<group>"; };
		9DA3933720B2B56700CEC2DF /* DesignableView.swift */ = {isa = PBXFileReference; fileEncoding = 4; lastKnownFileType = sourcecode.swift; path = DesignableView.swift; sourceTree = "<group>"; };
		9DA3933820B2B56800CEC2DF /* SpringTextField.swift */ = {isa = PBXFileReference; fileEncoding = 4; lastKnownFileType = sourcecode.swift; path = SpringTextField.swift; sourceTree = "<group>"; };
		9DA3933920B2B56800CEC2DF /* SpringView.swift */ = {isa = PBXFileReference; fileEncoding = 4; lastKnownFileType = sourcecode.swift; path = SpringView.swift; sourceTree = "<group>"; };
		9DA3933A20B2B56900CEC2DF /* DesignableTextView.swift */ = {isa = PBXFileReference; fileEncoding = 4; lastKnownFileType = sourcecode.swift; path = DesignableTextView.swift; sourceTree = "<group>"; };
		9DA3933B20B2B56900CEC2DF /* BlurView.swift */ = {isa = PBXFileReference; fileEncoding = 4; lastKnownFileType = sourcecode.swift; path = BlurView.swift; sourceTree = "<group>"; };
		9DA3933C20B2B56900CEC2DF /* SpringImageView.swift */ = {isa = PBXFileReference; fileEncoding = 4; lastKnownFileType = sourcecode.swift; path = SpringImageView.swift; sourceTree = "<group>"; };
		9DA3933D20B2B56A00CEC2DF /* SpringLabel.swift */ = {isa = PBXFileReference; fileEncoding = 4; lastKnownFileType = sourcecode.swift; path = SpringLabel.swift; sourceTree = "<group>"; };
		9DA3933E20B2B56A00CEC2DF /* DesignableLabel.swift */ = {isa = PBXFileReference; fileEncoding = 4; lastKnownFileType = sourcecode.swift; path = DesignableLabel.swift; sourceTree = "<group>"; };
		9DA3933F20B2B56A00CEC2DF /* DesignableTabBarController.swift */ = {isa = PBXFileReference; fileEncoding = 4; lastKnownFileType = sourcecode.swift; path = DesignableTabBarController.swift; sourceTree = "<group>"; };
		9DA3934020B2B56B00CEC2DF /* SoundPlayer.swift */ = {isa = PBXFileReference; fileEncoding = 4; lastKnownFileType = sourcecode.swift; path = SoundPlayer.swift; sourceTree = "<group>"; };
/* End PBXFileReference section */

/* Begin PBXFrameworksBuildPhase section */
		9DA3930C20B2B51600CEC2DF /* Frameworks */ = {
			isa = PBXFrameworksBuildPhase;
			buildActionMask = 2147483647;
			files = (
			);
			runOnlyForDeploymentPostprocessing = 0;
		};
/* End PBXFrameworksBuildPhase section */

/* Begin PBXGroup section */
		9DA3930620B2B51600CEC2DF = {
			isa = PBXGroup;
			children = (
				9DA3931120B2B51600CEC2DF /* Spring_Animations_Framework */,
				9DA3931020B2B51600CEC2DF /* Products */,
			);
			sourceTree = "<group>";
		};
		9DA3931020B2B51600CEC2DF /* Products */ = {
			isa = PBXGroup;
			children = (
				9DA3930F20B2B51600CEC2DF /* Spring_Animations_Framework.app */,
			);
			name = Products;
			sourceTree = "<group>";
		};
		9DA3931120B2B51600CEC2DF /* Spring_Animations_Framework */ = {
			isa = PBXGroup;
			children = (
				9DA3932420B2B53000CEC2DF /* Spring */,
				9DA3931220B2B51600CEC2DF /* AppDelegate.swift */,
				9DA3931420B2B51600CEC2DF /* ViewController.swift */,
				9DA3931620B2B51600CEC2DF /* Main.storyboard */,
				9DA3931920B2B51900CEC2DF /* Assets.xcassets */,
				9DA3931B20B2B51900CEC2DF /* LaunchScreen.storyboard */,
				9DA3931E20B2B51900CEC2DF /* Info.plist */,
			);
			path = Spring_Animations_Framework;
			sourceTree = "<group>";
		};
		9DA3932420B2B53000CEC2DF /* Spring */ = {
			isa = PBXGroup;
			children = (
				9DA3933120B2B56600CEC2DF /* AsyncButton.swift */,
				9DA3933420B2B56600CEC2DF /* AsyncImageView.swift */,
				9DA3932620B2B56300CEC2DF /* AutoTextView.swift */,
				9DA3933B20B2B56900CEC2DF /* BlurView.swift */,
				9DA3933020B2B56500CEC2DF /* DesignableButton.swift */,
				9DA3932720B2B56300CEC2DF /* DesignableImageView.swift */,
				9DA3933E20B2B56A00CEC2DF /* DesignableLabel.swift */,
				9DA3933F20B2B56A00CEC2DF /* DesignableTabBarController.swift */,
				9DA3933220B2B56600CEC2DF /* DesignableTextField.swift */,
				9DA3933A20B2B56900CEC2DF /* DesignableTextView.swift */,
				9DA3933720B2B56700CEC2DF /* DesignableView.swift */,
				9DA3932C20B2B56400CEC2DF /* ImageLoader.swift */,
				9DA3932820B2B56300CEC2DF /* KeyboardLayoutConstraint.swift */,
				9DA3933320B2B56600CEC2DF /* LoadingView.swift */,
				9DA3932D20B2B56500CEC2DF /* LoadingView.xib */,
				9DA3932F20B2B56500CEC2DF /* Misc.swift */,
				9DA3934020B2B56B00CEC2DF /* SoundPlayer.swift */,
				9DA3932A20B2B56400CEC2DF /* Spring.swift */,
				9DA3932520B2B56300CEC2DF /* SpringAnimation.swift */,
				9DA3932920B2B56400CEC2DF /* SpringButton.swift */,
				9DA3933C20B2B56900CEC2DF /* SpringImageView.swift */,
				9DA3933D20B2B56A00CEC2DF /* SpringLabel.swift */,
				9DA3933820B2B56800CEC2DF /* SpringTextField.swift */,
				9DA3933520B2B56700CEC2DF /* SpringTextView.swift */,
				9DA3933920B2B56800CEC2DF /* SpringView.swift */,
				9DA3933620B2B56700CEC2DF /* TransitionManager.swift */,
				9DA3932B20B2B56400CEC2DF /* TransitionZoom.swift */,
				9DA3932E20B2B56500CEC2DF /* UnwindSegue.swift */,
			);
			path = Spring;
			sourceTree = "<group>";
		};
/* End PBXGroup section */

/* Begin PBXNativeTarget section */
		9DA3930E20B2B51600CEC2DF /* Spring_Animations_Framework */ = {
			isa = PBXNativeTarget;
			buildConfigurationList = 9DA3932120B2B51900CEC2DF /* Build configuration list for PBXNativeTarget "Spring_Animations_Framework" */;
			buildPhases = (
				9DA3930B20B2B51600CEC2DF /* Sources */,
				9DA3930C20B2B51600CEC2DF /* Frameworks */,
				9DA3930D20B2B51600CEC2DF /* Resources */,
			);
			buildRules = (
			);
			dependencies = (
			);
			name = Spring_Animations_Framework;
			productName = Spring_Animations_Framework;
			productReference = 9DA3930F20B2B51600CEC2DF /* Spring_Animations_Framework.app */;
			productType = "com.apple.product-type.application";
		};
/* End PBXNativeTarget section */

/* Begin PBXProject section */
		9DA3930720B2B51600CEC2DF /* Project object */ = {
			isa = PBXProject;
			attributes = {
				LastSwiftUpdateCheck = 0930;
				LastUpgradeCheck = 0930;
				ORGANIZATIONNAME = kanat;
				TargetAttributes = {
					9DA3930E20B2B51600CEC2DF = {
						CreatedOnToolsVersion = 9.3.1;
					};
				};
			};
			buildConfigurationList = 9DA3930A20B2B51600CEC2DF /* Build configuration list for PBXProject "Spring_Animations_Framework" */;
			compatibilityVersion = "Xcode 9.3";
			developmentRegion = en;
			hasScannedForEncodings = 0;
			knownRegions = (
				en,
				Base,
			);
			mainGroup = 9DA3930620B2B51600CEC2DF;
			productRefGroup = 9DA3931020B2B51600CEC2DF /* Products */;
			projectDirPath = "";
			projectRoot = "";
			targets = (
				9DA3930E20B2B51600CEC2DF /* Spring_Animations_Framework */,
			);
		};
/* End PBXProject section */

/* Begin PBXResourcesBuildPhase section */
		9DA3930D20B2B51600CEC2DF /* Resources */ = {
			isa = PBXResourcesBuildPhase;
			buildActionMask = 2147483647;
			files = (
				9DA3931D20B2B51900CEC2DF /* LaunchScreen.storyboard in Resources */,
				9DA3934920B2B56B00CEC2DF /* LoadingView.xib in Resources */,
				9DA3931A20B2B51900CEC2DF /* Assets.xcassets in Resources */,
				9DA3931820B2B51600CEC2DF /* Main.storyboard in Resources */,
			);
			runOnlyForDeploymentPostprocessing = 0;
		};
/* End PBXResourcesBuildPhase section */

/* Begin PBXSourcesBuildPhase section */
		9DA3930B20B2B51600CEC2DF /* Sources */ = {
			isa = PBXSourcesBuildPhase;
			buildActionMask = 2147483647;
			files = (
				9DA3935620B2B56B00CEC2DF /* DesignableTextView.swift in Sources */,
				9DA3935220B2B56B00CEC2DF /* TransitionManager.swift in Sources */,
				9DA3935C20B2B56B00CEC2DF /* SoundPlayer.swift in Sources */,
				9DA3934720B2B56B00CEC2DF /* TransitionZoom.swift in Sources */,
				9DA3934520B2B56B00CEC2DF /* SpringButton.swift in Sources */,
				9DA3934820B2B56B00CEC2DF /* ImageLoader.swift in Sources */,
				9DA3934120B2B56B00CEC2DF /* SpringAnimation.swift in Sources */,
				9DA3935B20B2B56B00CEC2DF /* DesignableTabBarController.swift in Sources */,
				9DA3934620B2B56B00CEC2DF /* Spring.swift in Sources */,
				9DA3935420B2B56B00CEC2DF /* SpringTextField.swift in Sources */,
				9DA3934F20B2B56B00CEC2DF /* LoadingView.swift in Sources */,
				9DA3934320B2B56B00CEC2DF /* DesignableImageView.swift in Sources */,
				9DA3935320B2B56B00CEC2DF /* DesignableView.swift in Sources */,
				9DA3931520B2B51600CEC2DF /* ViewController.swift in Sources */,
				9DA3934E20B2B56B00CEC2DF /* DesignableTextField.swift in Sources */,
				9DA3934A20B2B56B00CEC2DF /* UnwindSegue.swift in Sources */,
				9DA3934D20B2B56B00CEC2DF /* AsyncButton.swift in Sources */,
				9DA3935920B2B56B00CEC2DF /* SpringLabel.swift in Sources */,
				9DA3934220B2B56B00CEC2DF /* AutoTextView.swift in Sources */,
				9DA3935120B2B56B00CEC2DF /* SpringTextView.swift in Sources */,
				9DA3935720B2B56B00CEC2DF /* BlurView.swift in Sources */,
				9DA3934B20B2B56B00CEC2DF /* Misc.swift in Sources */,
				9DA3935520B2B56B00CEC2DF /* SpringView.swift in Sources */,
				9DA3935020B2B56B00CEC2DF /* AsyncImageView.swift in Sources */,
				9DA3934C20B2B56B00CEC2DF /* DesignableButton.swift in Sources */,
				9DA3935820B2B56B00CEC2DF /* SpringImageView.swift in Sources */,
				9DA3931320B2B51600CEC2DF /* AppDelegate.swift in Sources */,
				9DA3935A20B2B56B00CEC2DF /* DesignableLabel.swift in Sources */,
				9DA3934420B2B56B00CEC2DF /* KeyboardLayoutConstraint.swift in Sources */,
			);
			runOnlyForDeploymentPostprocessing = 0;
		};
/* End PBXSourcesBuildPhase section */

/* Begin PBXVariantGroup section */
		9DA3931620B2B51600CEC2DF /* Main.storyboard */ = {
			isa = PBXVariantGroup;
			children = (
				9DA3931720B2B51600CEC2DF /* Base */,
			);
			name = Main.storyboard;
			sourceTree = "<group>";
		};
		9DA3931B20B2B51900CEC2DF /* LaunchScreen.storyboard */ = {
			isa = PBXVariantGroup;
			children = (
				9DA3931C20B2B51900CEC2DF /* Base */,
			);
			name = LaunchScreen.storyboard;
			sourceTree = "<group>";
		};
/* End PBXVariantGroup section */

/* Begin XCBuildConfiguration section */
		9DA3931F20B2B51900CEC2DF /* Debug */ = {
			isa = XCBuildConfiguration;
			buildSettings = {
				ALWAYS_SEARCH_USER_PATHS = NO;
				CLANG_ANALYZER_NONNULL = YES;
				CLANG_ANALYZER_NUMBER_OBJECT_CONVERSION = YES_AGGRESSIVE;
				CLANG_CXX_LANGUAGE_STANDARD = "gnu++14";
				CLANG_CXX_LIBRARY = "libc++";
				CLANG_ENABLE_MODULES = YES;
				CLANG_ENABLE_OBJC_ARC = YES;
				CLANG_ENABLE_OBJC_WEAK = YES;
				CLANG_WARN_BLOCK_CAPTURE_AUTORELEASING = YES;
				CLANG_WARN_BOOL_CONVERSION = YES;
				CLANG_WARN_COMMA = YES;
				CLANG_WARN_CONSTANT_CONVERSION = YES;
				CLANG_WARN_DEPRECATED_OBJC_IMPLEMENTATIONS = YES;
				CLANG_WARN_DIRECT_OBJC_ISA_USAGE = YES_ERROR;
				CLANG_WARN_DOCUMENTATION_COMMENTS = YES;
				CLANG_WARN_EMPTY_BODY = YES;
				CLANG_WARN_ENUM_CONVERSION = YES;
				CLANG_WARN_INFINITE_RECURSION = YES;
				CLANG_WARN_INT_CONVERSION = YES;
				CLANG_WARN_NON_LITERAL_NULL_CONVERSION = YES;
				CLANG_WARN_OBJC_IMPLICIT_RETAIN_SELF = YES;
				CLANG_WARN_OBJC_LITERAL_CONVERSION = YES;
				CLANG_WARN_OBJC_ROOT_CLASS = YES_ERROR;
				CLANG_WARN_RANGE_LOOP_ANALYSIS = YES;
				CLANG_WARN_STRICT_PROTOTYPES = YES;
				CLANG_WARN_SUSPICIOUS_MOVE = YES;
				CLANG_WARN_UNGUARDED_AVAILABILITY = YES_AGGRESSIVE;
				CLANG_WARN_UNREACHABLE_CODE = YES;
				CLANG_WARN__DUPLICATE_METHOD_MATCH = YES;
				CODE_SIGN_IDENTITY = "iPhone Developer";
				COPY_PHASE_STRIP = NO;
				DEBUG_INFORMATION_FORMAT = dwarf;
				ENABLE_STRICT_OBJC_MSGSEND = YES;
				ENABLE_TESTABILITY = YES;
				GCC_C_LANGUAGE_STANDARD = gnu11;
				GCC_DYNAMIC_NO_PIC = NO;
				GCC_NO_COMMON_BLOCKS = YES;
				GCC_OPTIMIZATION_LEVEL = 0;
				GCC_PREPROCESSOR_DEFINITIONS = (
					"DEBUG=1",
					"$(inherited)",
				);
				GCC_WARN_64_TO_32_BIT_CONVERSION = YES;
				GCC_WARN_ABOUT_RETURN_TYPE = YES_ERROR;
				GCC_WARN_UNDECLARED_SELECTOR = YES;
				GCC_WARN_UNINITIALIZED_AUTOS = YES_AGGRESSIVE;
				GCC_WARN_UNUSED_FUNCTION = YES;
				GCC_WARN_UNUSED_VARIABLE = YES;
				IPHONEOS_DEPLOYMENT_TARGET = 11.3;
				MTL_ENABLE_DEBUG_INFO = YES;
				ONLY_ACTIVE_ARCH = YES;
				SDKROOT = iphoneos;
				SWIFT_ACTIVE_COMPILATION_CONDITIONS = DEBUG;
				SWIFT_OPTIMIZATION_LEVEL = "-Onone";
			};
			name = Debug;
		};
		9DA3932020B2B51900CEC2DF /* Release */ = {
			isa = XCBuildConfiguration;
			buildSettings = {
				ALWAYS_SEARCH_USER_PATHS = NO;
				CLANG_ANALYZER_NONNULL = YES;
				CLANG_ANALYZER_NUMBER_OBJECT_CONVERSION = YES_AGGRESSIVE;
				CLANG_CXX_LANGUAGE_STANDARD = "gnu++14";
				CLANG_CXX_LIBRARY = "libc++";
				CLANG_ENABLE_MODULES = YES;
				CLANG_ENABLE_OBJC_ARC = YES;
				CLANG_ENABLE_OBJC_WEAK = YES;
				CLANG_WARN_BLOCK_CAPTURE_AUTORELEASING = YES;
				CLANG_WARN_BOOL_CONVERSION = YES;
				CLANG_WARN_COMMA = YES;
				CLANG_WARN_CONSTANT_CONVERSION = YES;
				CLANG_WARN_DEPRECATED_OBJC_IMPLEMENTATIONS = YES;
				CLANG_WARN_DIRECT_OBJC_ISA_USAGE = YES_ERROR;
				CLANG_WARN_DOCUMENTATION_COMMENTS = YES;
				CLANG_WARN_EMPTY_BODY = YES;
				CLANG_WARN_ENUM_CONVERSION = YES;
				CLANG_WARN_INFINITE_RECURSION = YES;
				CLANG_WARN_INT_CONVERSION = YES;
				CLANG_WARN_NON_LITERAL_NULL_CONVERSION = YES;
				CLANG_WARN_OBJC_IMPLICIT_RETAIN_SELF = YES;
				CLANG_WARN_OBJC_LITERAL_CONVERSION = YES;
				CLANG_WARN_OBJC_ROOT_CLASS = YES_ERROR;
				CLANG_WARN_RANGE_LOOP_ANALYSIS = YES;
				CLANG_WARN_STRICT_PROTOTYPES = YES;
				CLANG_WARN_SUSPICIOUS_MOVE = YES;
				CLANG_WARN_UNGUARDED_AVAILABILITY = YES_AGGRESSIVE;
				CLANG_WARN_UNREACHABLE_CODE = YES;
				CLANG_WARN__DUPLICATE_METHOD_MATCH = YES;
				CODE_SIGN_IDENTITY = "iPhone Developer";
				COPY_PHASE_STRIP = NO;
				DEBUG_INFORMATION_FORMAT = "dwarf-with-dsym";
				ENABLE_NS_ASSERTIONS = NO;
				ENABLE_STRICT_OBJC_MSGSEND = YES;
				GCC_C_LANGUAGE_STANDARD = gnu11;
				GCC_NO_COMMON_BLOCKS = YES;
				GCC_WARN_64_TO_32_BIT_CONVERSION = YES;
				GCC_WARN_ABOUT_RETURN_TYPE = YES_ERROR;
				GCC_WARN_UNDECLARED_SELECTOR = YES;
				GCC_WARN_UNINITIALIZED_AUTOS = YES_AGGRESSIVE;
				GCC_WARN_UNUSED_FUNCTION = YES;
				GCC_WARN_UNUSED_VARIABLE = YES;
				IPHONEOS_DEPLOYMENT_TARGET = 11.3;
				MTL_ENABLE_DEBUG_INFO = NO;
				SDKROOT = iphoneos;
				SWIFT_COMPILATION_MODE = wholemodule;
				SWIFT_OPTIMIZATION_LEVEL = "-O";
				VALIDATE_PRODUCT = YES;
			};
			name = Release;
		};
		9DA3932220B2B51900CEC2DF /* Debug */ = {
			isa = XCBuildConfiguration;
			buildSettings = {
				ASSETCATALOG_COMPILER_APPICON_NAME = AppIcon;
				CODE_SIGN_STYLE = Automatic;
				DEVELOPMENT_TEAM = TV52855HY8;
				INFOPLIST_FILE = Spring_Animations_Framework/Info.plist;
				LD_RUNPATH_SEARCH_PATHS = (
					"$(inherited)",
					"@executable_path/Frameworks",
				);
				PRODUCT_BUNDLE_IDENTIFIER = "com.kanat.Spring-Animations-Framework";
				PRODUCT_NAME = "$(TARGET_NAME)";
				SWIFT_VERSION = 4.0;
				TARGETED_DEVICE_FAMILY = "1,2";
			};
			name = Debug;
		};
		9DA3932320B2B51900CEC2DF /* Release */ = {
			isa = XCBuildConfiguration;
			buildSettings = {
				ASSETCATALOG_COMPILER_APPICON_NAME = AppIcon;
				CODE_SIGN_STYLE = Automatic;
				DEVELOPMENT_TEAM = TV52855HY8;
				INFOPLIST_FILE = Spring_Animations_Framework/Info.plist;
				LD_RUNPATH_SEARCH_PATHS = (
					"$(inherited)",
					"@executable_path/Frameworks",
				);
				PRODUCT_BUNDLE_IDENTIFIER = "com.kanat.Spring-Animations-Framework";
				PRODUCT_NAME = "$(TARGET_NAME)";
				SWIFT_VERSION = 4.0;
				TARGETED_DEVICE_FAMILY = "1,2";
			};
			name = Release;
		};
/* End XCBuildConfiguration section */

/* Begin XCConfigurationList section */
		9DA3930A20B2B51600CEC2DF /* Build configuration list for PBXProject "Spring_Animations_Framework" */ = {
			isa = XCConfigurationList;
			buildConfigurations = (
				9DA3931F20B2B51900CEC2DF /* Debug */,
				9DA3932020B2B51900CEC2DF /* Release */,
			);
			defaultConfigurationIsVisible = 0;
			defaultConfigurationName = Release;
		};
		9DA3932120B2B51900CEC2DF /* Build configuration list for PBXNativeTarget "Spring_Animations_Framework" */ = {
			isa = XCConfigurationList;
			buildConfigurations = (
				9DA3932220B2B51900CEC2DF /* Debug */,
				9DA3932320B2B51900CEC2DF /* Release */,
			);
			defaultConfigurationIsVisible = 0;
			defaultConfigurationName = Release;
		};
/* End XCConfigurationList section */
	};
	rootObject = 9DA3930720B2B51600CEC2DF /* Project object */;
}
